
Microsoft Visual Studio Solution File, Format Version 12.00
# Visual Studio 14
VisualStudioVersion = 14.0.25420.1
MinimumVisualStudioVersion = 10.0.40219.1
Project("{FAE04EC0-301F-11D3-BF4B-00C04F79EFBC}") = "WebApi", "MyDiary.FileServer\WebApi.csproj", "{AC576E68-B825-4583-B610-6C477DD04024}"
EndProject
Project("{FAE04EC0-301F-11D3-BF4B-00C04F79EFBC}") = "Application", "Application\Application.csproj", "{08CFDBCE-B1D8-4E77-B3B0-CE02E371127D}"
EndProject
Project("{2150E333-8FDC-42A3-9474-1A3956D46DE8}") = "01 Application", "01 Application", "{C49DAE6C-E0F6-49E4-ADBF-00A134F4BD2B}"
EndProject
Project("{2150E333-8FDC-42A3-9474-1A3956D46DE8}") = "00 Api", "00 Api", "{049027F3-5A69-464F-A2B8-6FBD546973E0}"
EndProject
Project("{2150E333-8FDC-42A3-9474-1A3956D46DE8}") = "03 DataAccess", "03 DataAccess", "{EFA6A5FD-46DC-449F-8573-972C12AB5B3A}"
EndProject
Project("{FAE04EC0-301F-11D3-BF4B-00C04F79EFBC}") = "DataAccess.Memory", "DataAccess.Memory\DataAccess.Memory.csproj", "{CFE506BA-F1CB-4C1E-9FD7-3BC039845BED}"
EndProject
Project("{2150E333-8FDC-42A3-9474-1A3956D46DE8}") = "04 Infrastructure", "04 Infrastructure", "{289F5466-D4C6-41C0-BD2D-C0C1340855FF}"
EndProject
Project("{FAE04EC0-301F-11D3-BF4B-00C04F79EFBC}") = "Configuration.Ioc", "Configuration.Ioc\Configuration.Ioc.csproj", "{C46402D5-B0D3-4F55-B42C-58340E295F85}"
EndProject
Project("{FAE04EC0-301F-11D3-BF4B-00C04F79EFBC}") = "Configuration", "Configuration\Configuration.csproj", "{6625F4CE-44A7-4D91-857C-68E5A7A419B4}"
EndProject
Project("{2150E333-8FDC-42A3-9474-1A3956D46DE8}") = "02 Domain", "02 Domain", "{DDFBFAC6-C79C-487D-834B-48777F9CA96A}"
EndProject
Project("{FAE04EC0-301F-11D3-BF4B-00C04F79EFBC}") = "Domain", "Domain\Domain.csproj", "{A8F69592-E8A6-4E02-B60E-56A026FFF8B5}"
EndProject
Project("{FAE04EC0-301F-11D3-BF4B-00C04F79EFBC}") = "DataAccess.SharePoint", "DataAccess.SharePoint\DataAccess.SharePoint.csproj", "{4A1A6B28-FF4F-4B5D-9C8A-AAFB7C082DE5}"
EndProject
Project("{FAE04EC0-301F-11D3-BF4B-00C04F79EFBC}") = "DataAccess.Azure", "DataAccess.Azure\DataAccess.Azure.csproj", "{C07AAFA8-BAAE-4065-AF66-DA04425201B8}"
EndProject
Project("{2150E333-8FDC-42A3-9474-1A3956D46DE8}") = "05 Package Library", "05 Package Library", "{E10D87EB-93F7-4D81-A016-F7A79226D39C}"
EndProject
Project("{FAE04EC0-301F-11D3-BF4B-00C04F79EFBC}") = "Ninject", "Ninject-3.2.2-final\Ninject-3.2.2-final\src\Ninject\Ninject.csproj", "{ADF369E2-6B9E-4D56-9B82-D273AE41EC2D}"
EndProject
Project("{FAE04EC0-301F-11D3-BF4B-00C04F79EFBC}") = "Ninject.Web.Common", "Ninject.Web.Common-3.2.2-final\Ninject.Web.Common-3.2.2-final\src\Ninject.Web.Common\Ninject.Web.Common.csproj", "{1FD016A0-A938-4F81-88BE-0DED65D9A022}"
EndProject
Project("{FAE04EC0-301F-11D3-BF4B-00C04F79EFBC}") = "Ninject.Web.Common.OwinHost", "Ninject.Web.Common-3.2.2-final\Ninject.Web.Common-3.2.2-final\src\Ninject.Web.Common.OwinHost\Ninject.Web.Common.OwinHost.csproj", "{F57C3DD1-15C0-4F76-9E92-81C4124CA47F}"
EndProject
Project("{FAE04EC0-301F-11D3-BF4B-00C04F79EFBC}") = "Ninject.Web.WebApi", "Ninject.Web.WebApi-3.2.4-final\Ninject.Web.WebApi-3.2.4-final\src\Ninject.Web.WebApi\Ninject.Web.WebApi.csproj", "{F8980B1F-899E-4C2D-A0DC-E76DB52DAA03}"
EndProject
Project("{FAE04EC0-301F-11D3-BF4B-00C04F79EFBC}") = "Ninject.Web.WebApi.OwinHost", "Ninject.Web.WebApi-3.2.4-final\Ninject.Web.WebApi-3.2.4-final\src\Ninject.Web.WebApi.OwinHost\Ninject.Web.WebApi.OwinHost.csproj", "{E322DFD7-FAF1-4EEA-B601-B15E08E3F6A4}"
EndProject
Project("{FAE04EC0-301F-11D3-BF4B-00C04F79EFBC}") = "Ninject.Extensions.NamedScope", "Ninject.Extensions.NamedScope-master\Ninject.Extensions.NamedScope-master\src\Ninject.Extensions.NamedScope\Ninject.Extensions.NamedScope.csproj", "{1B7349D1-821C-4429-9BA8-7D0F62C42EF7}"
EndProject
Project("{2150E333-8FDC-42A3-9474-1A3956D46DE8}") = "00 Ninject", "00 Ninject", "{FC7B8015-F7A9-4377-B2C5-615CAE02EA1E}"
EndProject
Project("{2150E333-8FDC-42A3-9474-1A3956D46DE8}") = "01 Owin", "01 Owin", "{C1172C9A-7B26-4A05-B66F-DC91A531F9D2}"
EndProject
Project("{2150E333-8FDC-42A3-9474-1A3956D46DE8}") = "02 WebApi", "02 WebApi", "{126E361D-E27B-459C-87CA-35B729CAA238}"
EndProject
Project("{8BB2217D-0F2D-49D1-97BC-3654ED321F3B}") = "DataAccess.MongoDb_Core", "DataAccess.MongoDb\DataAccess.MongoDb_Core.xproj", "{73A732E0-CFA3-4826-91FA-7BEF9C31AC8F}"
EndProject
Project("{FAE04EC0-301F-11D3-BF4B-00C04F79EFBC}") = "MyDiary.FileServer.DataAccess.MongoDb", "MyDiary.FileServer.DataAccess.MongoDb\MyDiary.FileServer.DataAccess.MongoDb.csproj", "{A6A38157-B40B-41A1-B93B-EC67B9743005}"
EndProject
Project("{FAE04EC0-301F-11D3-BF4B-00C04F79EFBC}") = "DataAccess.MongoDb", "MyDiary.FileServer.DataAccess.MongoDb\DataAccess.MongoDb.csproj", "{202B19C9-CED0-45E3-989E-E8589CCD92EF}"
EndProject
Project("{FAE04EC0-301F-11D3-BF4B-00C04F79EFBC}") = "DataAccess.FileSystem", "DataAccess.FileSystem\DataAccess.FileSystem.csproj", "{8A714140-B2E8-44FC-BE9B-511B505853EA}"
EndProject
Project("{FAE04EC0-301F-11D3-BF4B-00C04F79EFBC}") = "DataAccess.FileSystem.UnitTests", "DataAccess.FileSystem.UnitTests\DataAccess.FileSystem.UnitTests.csproj", "{F71B04CB-E26E-4ECF-952B-A4C74D8BE7F8}"
EndProject
Project("{FAE04EC0-301F-11D3-BF4B-00C04F79EFBC}") = "Ninject.Extensions.Factory", "Ninject.Extensions.Factory-master\Ninject.Extensions.Factory-master\src\Ninject.Extensions.Factory\Ninject.Extensions.Factory.csproj", "{9831975F-FA35-4B8B-A545-1A06852625BB}"
EndProject
Global
	GlobalSection(SolutionConfigurationPlatforms) = preSolution
		AutomatedRelease|Any CPU = AutomatedRelease|Any CPU
		Debug|Any CPU = Debug|Any CPU
		Release|Any CPU = Release|Any CPU
	EndGlobalSection
	GlobalSection(ProjectConfigurationPlatforms) = postSolution
		{AC576E68-B825-4583-B610-6C477DD04024}.AutomatedRelease|Any CPU.ActiveCfg = Release|Any CPU
		{AC576E68-B825-4583-B610-6C477DD04024}.AutomatedRelease|Any CPU.Build.0 = Release|Any CPU
		{AC576E68-B825-4583-B610-6C477DD04024}.Debug|Any CPU.ActiveCfg = Debug|Any CPU
		{AC576E68-B825-4583-B610-6C477DD04024}.Debug|Any CPU.Build.0 = Debug|Any CPU
		{AC576E68-B825-4583-B610-6C477DD04024}.Release|Any CPU.ActiveCfg = Release|Any CPU
		{AC576E68-B825-4583-B610-6C477DD04024}.Release|Any CPU.Build.0 = Release|Any CPU
		{08CFDBCE-B1D8-4E77-B3B0-CE02E371127D}.AutomatedRelease|Any CPU.ActiveCfg = Release|Any CPU
		{08CFDBCE-B1D8-4E77-B3B0-CE02E371127D}.AutomatedRelease|Any CPU.Build.0 = Release|Any CPU
		{08CFDBCE-B1D8-4E77-B3B0-CE02E371127D}.Debug|Any CPU.ActiveCfg = Debug|Any CPU
		{08CFDBCE-B1D8-4E77-B3B0-CE02E371127D}.Debug|Any CPU.Build.0 = Debug|Any CPU
		{08CFDBCE-B1D8-4E77-B3B0-CE02E371127D}.Release|Any CPU.ActiveCfg = Release|Any CPU
		{08CFDBCE-B1D8-4E77-B3B0-CE02E371127D}.Release|Any CPU.Build.0 = Release|Any CPU
		{CFE506BA-F1CB-4C1E-9FD7-3BC039845BED}.AutomatedRelease|Any CPU.ActiveCfg = Release|Any CPU
		{CFE506BA-F1CB-4C1E-9FD7-3BC039845BED}.AutomatedRelease|Any CPU.Build.0 = Release|Any CPU
		{CFE506BA-F1CB-4C1E-9FD7-3BC039845BED}.Debug|Any CPU.ActiveCfg = Debug|Any CPU
		{CFE506BA-F1CB-4C1E-9FD7-3BC039845BED}.Debug|Any CPU.Build.0 = Debug|Any CPU
		{CFE506BA-F1CB-4C1E-9FD7-3BC039845BED}.Release|Any CPU.ActiveCfg = Release|Any CPU
		{CFE506BA-F1CB-4C1E-9FD7-3BC039845BED}.Release|Any CPU.Build.0 = Release|Any CPU
		{C46402D5-B0D3-4F55-B42C-58340E295F85}.AutomatedRelease|Any CPU.ActiveCfg = Release|Any CPU
		{C46402D5-B0D3-4F55-B42C-58340E295F85}.AutomatedRelease|Any CPU.Build.0 = Release|Any CPU
		{C46402D5-B0D3-4F55-B42C-58340E295F85}.Debug|Any CPU.ActiveCfg = Debug|Any CPU
		{C46402D5-B0D3-4F55-B42C-58340E295F85}.Debug|Any CPU.Build.0 = Debug|Any CPU
		{C46402D5-B0D3-4F55-B42C-58340E295F85}.Release|Any CPU.ActiveCfg = Release|Any CPU
		{C46402D5-B0D3-4F55-B42C-58340E295F85}.Release|Any CPU.Build.0 = Release|Any CPU
		{6625F4CE-44A7-4D91-857C-68E5A7A419B4}.AutomatedRelease|Any CPU.ActiveCfg = Release|Any CPU
		{6625F4CE-44A7-4D91-857C-68E5A7A419B4}.AutomatedRelease|Any CPU.Build.0 = Release|Any CPU
		{6625F4CE-44A7-4D91-857C-68E5A7A419B4}.Debug|Any CPU.ActiveCfg = Debug|Any CPU
		{6625F4CE-44A7-4D91-857C-68E5A7A419B4}.Debug|Any CPU.Build.0 = Debug|Any CPU
		{6625F4CE-44A7-4D91-857C-68E5A7A419B4}.Release|Any CPU.ActiveCfg = Release|Any CPU
		{6625F4CE-44A7-4D91-857C-68E5A7A419B4}.Release|Any CPU.Build.0 = Release|Any CPU
		{A8F69592-E8A6-4E02-B60E-56A026FFF8B5}.AutomatedRelease|Any CPU.ActiveCfg = Release|Any CPU
		{A8F69592-E8A6-4E02-B60E-56A026FFF8B5}.AutomatedRelease|Any CPU.Build.0 = Release|Any CPU
		{A8F69592-E8A6-4E02-B60E-56A026FFF8B5}.Debug|Any CPU.ActiveCfg = Debug|Any CPU
		{A8F69592-E8A6-4E02-B60E-56A026FFF8B5}.Debug|Any CPU.Build.0 = Debug|Any CPU
		{A8F69592-E8A6-4E02-B60E-56A026FFF8B5}.Release|Any CPU.ActiveCfg = Release|Any CPU
		{A8F69592-E8A6-4E02-B60E-56A026FFF8B5}.Release|Any CPU.Build.0 = Release|Any CPU
		{4A1A6B28-FF4F-4B5D-9C8A-AAFB7C082DE5}.AutomatedRelease|Any CPU.ActiveCfg = Release|Any CPU
		{4A1A6B28-FF4F-4B5D-9C8A-AAFB7C082DE5}.AutomatedRelease|Any CPU.Build.0 = Release|Any CPU
		{4A1A6B28-FF4F-4B5D-9C8A-AAFB7C082DE5}.Debug|Any CPU.ActiveCfg = Debug|Any CPU
		{4A1A6B28-FF4F-4B5D-9C8A-AAFB7C082DE5}.Debug|Any CPU.Build.0 = Debug|Any CPU
		{4A1A6B28-FF4F-4B5D-9C8A-AAFB7C082DE5}.Release|Any CPU.ActiveCfg = Release|Any CPU
		{4A1A6B28-FF4F-4B5D-9C8A-AAFB7C082DE5}.Release|Any CPU.Build.0 = Release|Any CPU
		{C07AAFA8-BAAE-4065-AF66-DA04425201B8}.AutomatedRelease|Any CPU.ActiveCfg = Release|Any CPU
		{C07AAFA8-BAAE-4065-AF66-DA04425201B8}.AutomatedRelease|Any CPU.Build.0 = Release|Any CPU
		{C07AAFA8-BAAE-4065-AF66-DA04425201B8}.Debug|Any CPU.ActiveCfg = Debug|Any CPU
		{C07AAFA8-BAAE-4065-AF66-DA04425201B8}.Debug|Any CPU.Build.0 = Debug|Any CPU
		{C07AAFA8-BAAE-4065-AF66-DA04425201B8}.Release|Any CPU.ActiveCfg = Release|Any CPU
		{C07AAFA8-BAAE-4065-AF66-DA04425201B8}.Release|Any CPU.Build.0 = Release|Any CPU
		{ADF369E2-6B9E-4D56-9B82-D273AE41EC2D}.AutomatedRelease|Any CPU.ActiveCfg = AutomatedRelease|Any CPU
		{ADF369E2-6B9E-4D56-9B82-D273AE41EC2D}.AutomatedRelease|Any CPU.Build.0 = AutomatedRelease|Any CPU
		{ADF369E2-6B9E-4D56-9B82-D273AE41EC2D}.Debug|Any CPU.ActiveCfg = Debug|Any CPU
		{ADF369E2-6B9E-4D56-9B82-D273AE41EC2D}.Debug|Any CPU.Build.0 = Debug|Any CPU
		{ADF369E2-6B9E-4D56-9B82-D273AE41EC2D}.Release|Any CPU.ActiveCfg = Release|Any CPU
		{ADF369E2-6B9E-4D56-9B82-D273AE41EC2D}.Release|Any CPU.Build.0 = Release|Any CPU
		{1FD016A0-A938-4F81-88BE-0DED65D9A022}.AutomatedRelease|Any CPU.ActiveCfg = Release|Any CPU
		{1FD016A0-A938-4F81-88BE-0DED65D9A022}.AutomatedRelease|Any CPU.Build.0 = Release|Any CPU
		{1FD016A0-A938-4F81-88BE-0DED65D9A022}.Debug|Any CPU.ActiveCfg = Debug|Any CPU
		{1FD016A0-A938-4F81-88BE-0DED65D9A022}.Debug|Any CPU.Build.0 = Debug|Any CPU
		{1FD016A0-A938-4F81-88BE-0DED65D9A022}.Release|Any CPU.ActiveCfg = Release|Any CPU
		{1FD016A0-A938-4F81-88BE-0DED65D9A022}.Release|Any CPU.Build.0 = Release|Any CPU
		{F57C3DD1-15C0-4F76-9E92-81C4124CA47F}.AutomatedRelease|Any CPU.ActiveCfg = Release|Any CPU
		{F57C3DD1-15C0-4F76-9E92-81C4124CA47F}.AutomatedRelease|Any CPU.Build.0 = Release|Any CPU
		{F57C3DD1-15C0-4F76-9E92-81C4124CA47F}.Debug|Any CPU.ActiveCfg = Debug|Any CPU
		{F57C3DD1-15C0-4F76-9E92-81C4124CA47F}.Debug|Any CPU.Build.0 = Debug|Any CPU
		{F57C3DD1-15C0-4F76-9E92-81C4124CA47F}.Release|Any CPU.ActiveCfg = Release|Any CPU
		{F57C3DD1-15C0-4F76-9E92-81C4124CA47F}.Release|Any CPU.Build.0 = Release|Any CPU
		{F8980B1F-899E-4C2D-A0DC-E76DB52DAA03}.AutomatedRelease|Any CPU.ActiveCfg = Release|Any CPU
		{F8980B1F-899E-4C2D-A0DC-E76DB52DAA03}.AutomatedRelease|Any CPU.Build.0 = Release|Any CPU
		{F8980B1F-899E-4C2D-A0DC-E76DB52DAA03}.Debug|Any CPU.ActiveCfg = Debug|Any CPU
		{F8980B1F-899E-4C2D-A0DC-E76DB52DAA03}.Debug|Any CPU.Build.0 = Debug|Any CPU
		{F8980B1F-899E-4C2D-A0DC-E76DB52DAA03}.Release|Any CPU.ActiveCfg = Release|Any CPU
		{F8980B1F-899E-4C2D-A0DC-E76DB52DAA03}.Release|Any CPU.Build.0 = Release|Any CPU
		{E322DFD7-FAF1-4EEA-B601-B15E08E3F6A4}.AutomatedRelease|Any CPU.ActiveCfg = Release|Any CPU
		{E322DFD7-FAF1-4EEA-B601-B15E08E3F6A4}.AutomatedRelease|Any CPU.Build.0 = Release|Any CPU
		{E322DFD7-FAF1-4EEA-B601-B15E08E3F6A4}.Debug|Any CPU.ActiveCfg = Debug|Any CPU
		{E322DFD7-FAF1-4EEA-B601-B15E08E3F6A4}.Debug|Any CPU.Build.0 = Debug|Any CPU
		{E322DFD7-FAF1-4EEA-B601-B15E08E3F6A4}.Release|Any CPU.ActiveCfg = Release|Any CPU
		{E322DFD7-FAF1-4EEA-B601-B15E08E3F6A4}.Release|Any CPU.Build.0 = Release|Any CPU
		{1B7349D1-821C-4429-9BA8-7D0F62C42EF7}.AutomatedRelease|Any CPU.ActiveCfg = Release|Any CPU
		{1B7349D1-821C-4429-9BA8-7D0F62C42EF7}.AutomatedRelease|Any CPU.Build.0 = Release|Any CPU
		{1B7349D1-821C-4429-9BA8-7D0F62C42EF7}.Debug|Any CPU.ActiveCfg = Debug|Any CPU
		{1B7349D1-821C-4429-9BA8-7D0F62C42EF7}.Debug|Any CPU.Build.0 = Debug|Any CPU
		{1B7349D1-821C-4429-9BA8-7D0F62C42EF7}.Release|Any CPU.ActiveCfg = Release|Any CPU
		{1B7349D1-821C-4429-9BA8-7D0F62C42EF7}.Release|Any CPU.Build.0 = Release|Any CPU
		{73A732E0-CFA3-4826-91FA-7BEF9C31AC8F}.AutomatedRelease|Any CPU.ActiveCfg = Release|Any CPU
		{73A732E0-CFA3-4826-91FA-7BEF9C31AC8F}.AutomatedRelease|Any CPU.Build.0 = Release|Any CPU
		{73A732E0-CFA3-4826-91FA-7BEF9C31AC8F}.Debug|Any CPU.ActiveCfg = Debug|Any CPU
		{73A732E0-CFA3-4826-91FA-7BEF9C31AC8F}.Debug|Any CPU.Build.0 = Debug|Any CPU
		{73A732E0-CFA3-4826-91FA-7BEF9C31AC8F}.Release|Any CPU.ActiveCfg = Release|Any CPU
		{73A732E0-CFA3-4826-91FA-7BEF9C31AC8F}.Release|Any CPU.Build.0 = Release|Any CPU
		{A6A38157-B40B-41A1-B93B-EC67B9743005}.AutomatedRelease|Any CPU.ActiveCfg = Release|Any CPU
		{A6A38157-B40B-41A1-B93B-EC67B9743005}.AutomatedRelease|Any CPU.Build.0 = Release|Any CPU
		{A6A38157-B40B-41A1-B93B-EC67B9743005}.Debug|Any CPU.ActiveCfg = Debug|Any CPU
		{A6A38157-B40B-41A1-B93B-EC67B9743005}.Debug|Any CPU.Build.0 = Debug|Any CPU
		{A6A38157-B40B-41A1-B93B-EC67B9743005}.Release|Any CPU.ActiveCfg = Release|Any CPU
		{A6A38157-B40B-41A1-B93B-EC67B9743005}.Release|Any CPU.Build.0 = Release|Any CPU
		{202B19C9-CED0-45E3-989E-E8589CCD92EF}.AutomatedRelease|Any CPU.ActiveCfg = Release|Any CPU
		{202B19C9-CED0-45E3-989E-E8589CCD92EF}.AutomatedRelease|Any CPU.Build.0 = Release|Any CPU
		{202B19C9-CED0-45E3-989E-E8589CCD92EF}.Debug|Any CPU.ActiveCfg = Debug|Any CPU
		{202B19C9-CED0-45E3-989E-E8589CCD92EF}.Debug|Any CPU.Build.0 = Debug|Any CPU
		{202B19C9-CED0-45E3-989E-E8589CCD92EF}.Release|Any CPU.ActiveCfg = Release|Any CPU
		{202B19C9-CED0-45E3-989E-E8589CCD92EF}.Release|Any CPU.Build.0 = Release|Any CPU
		{8A714140-B2E8-44FC-BE9B-511B505853EA}.AutomatedRelease|Any CPU.ActiveCfg = Release|Any CPU
		{8A714140-B2E8-44FC-BE9B-511B505853EA}.AutomatedRelease|Any CPU.Build.0 = Release|Any CPU
		{8A714140-B2E8-44FC-BE9B-511B505853EA}.Debug|Any CPU.ActiveCfg = Debug|Any CPU
		{8A714140-B2E8-44FC-BE9B-511B505853EA}.Debug|Any CPU.Build.0 = Debug|Any CPU
		{8A714140-B2E8-44FC-BE9B-511B505853EA}.Release|Any CPU.ActiveCfg = Release|Any CPU
		{8A714140-B2E8-44FC-BE9B-511B505853EA}.Release|Any CPU.Build.0 = Release|Any CPU
		{F71B04CB-E26E-4ECF-952B-A4C74D8BE7F8}.AutomatedRelease|Any CPU.ActiveCfg = Release|Any CPU
		{F71B04CB-E26E-4ECF-952B-A4C74D8BE7F8}.AutomatedRelease|Any CPU.Build.0 = Release|Any CPU
		{F71B04CB-E26E-4ECF-952B-A4C74D8BE7F8}.Debug|Any CPU.ActiveCfg = Debug|Any CPU
		{F71B04CB-E26E-4ECF-952B-A4C74D8BE7F8}.Debug|Any CPU.Build.0 = Debug|Any CPU
		{F71B04CB-E26E-4ECF-952B-A4C74D8BE7F8}.Release|Any CPU.ActiveCfg = Release|Any CPU
		{F71B04CB-E26E-4ECF-952B-A4C74D8BE7F8}.Release|Any CPU.Build.0 = Release|Any CPU
		{9831975F-FA35-4B8B-A545-1A06852625BB}.AutomatedRelease|Any CPU.ActiveCfg = Release|Any CPU
		{9831975F-FA35-4B8B-A545-1A06852625BB}.AutomatedRelease|Any CPU.Build.0 = Release|Any CPU
		{9831975F-FA35-4B8B-A545-1A06852625BB}.Debug|Any CPU.ActiveCfg = Debug|Any CPU
		{9831975F-FA35-4B8B-A545-1A06852625BB}.Debug|Any CPU.Build.0 = Debug|Any CPU
		{9831975F-FA35-4B8B-A545-1A06852625BB}.Release|Any CPU.ActiveCfg = Release|Any CPU
		{9831975F-FA35-4B8B-A545-1A06852625BB}.Release|Any CPU.Build.0 = Release|Any CPU
	EndGlobalSection
	GlobalSection(SolutionProperties) = preSolution
		HideSolutionNode = FALSE
	EndGlobalSection
	GlobalSection(NestedProjects) = preSolution
		{AC576E68-B825-4583-B610-6C477DD04024} = {049027F3-5A69-464F-A2B8-6FBD546973E0}
		{08CFDBCE-B1D8-4E77-B3B0-CE02E371127D} = {C49DAE6C-E0F6-49E4-ADBF-00A134F4BD2B}
		{CFE506BA-F1CB-4C1E-9FD7-3BC039845BED} = {EFA6A5FD-46DC-449F-8573-972C12AB5B3A}
		{C46402D5-B0D3-4F55-B42C-58340E295F85} = {289F5466-D4C6-41C0-BD2D-C0C1340855FF}
		{6625F4CE-44A7-4D91-857C-68E5A7A419B4} = {289F5466-D4C6-41C0-BD2D-C0C1340855FF}
		{A8F69592-E8A6-4E02-B60E-56A026FFF8B5} = {DDFBFAC6-C79C-487D-834B-48777F9CA96A}
		{4A1A6B28-FF4F-4B5D-9C8A-AAFB7C082DE5} = {EFA6A5FD-46DC-449F-8573-972C12AB5B3A}
		{C07AAFA8-BAAE-4065-AF66-DA04425201B8} = {EFA6A5FD-46DC-449F-8573-972C12AB5B3A}
		{ADF369E2-6B9E-4D56-9B82-D273AE41EC2D} = {FC7B8015-F7A9-4377-B2C5-615CAE02EA1E}
		{1FD016A0-A938-4F81-88BE-0DED65D9A022} = {FC7B8015-F7A9-4377-B2C5-615CAE02EA1E}
		{F57C3DD1-15C0-4F76-9E92-81C4124CA47F} = {FC7B8015-F7A9-4377-B2C5-615CAE02EA1E}
		{F8980B1F-899E-4C2D-A0DC-E76DB52DAA03} = {FC7B8015-F7A9-4377-B2C5-615CAE02EA1E}
		{E322DFD7-FAF1-4EEA-B601-B15E08E3F6A4} = {FC7B8015-F7A9-4377-B2C5-615CAE02EA1E}
		{1B7349D1-821C-4429-9BA8-7D0F62C42EF7} = {FC7B8015-F7A9-4377-B2C5-615CAE02EA1E}
		{FC7B8015-F7A9-4377-B2C5-615CAE02EA1E} = {E10D87EB-93F7-4D81-A016-F7A79226D39C}
		{C1172C9A-7B26-4A05-B66F-DC91A531F9D2} = {E10D87EB-93F7-4D81-A016-F7A79226D39C}
		{126E361D-E27B-459C-87CA-35B729CAA238} = {E10D87EB-93F7-4D81-A016-F7A79226D39C}
		{73A732E0-CFA3-4826-91FA-7BEF9C31AC8F} = {EFA6A5FD-46DC-449F-8573-972C12AB5B3A}
		{A6A38157-B40B-41A1-B93B-EC67B9743005} = {EFA6A5FD-46DC-449F-8573-972C12AB5B3A}
		{202B19C9-CED0-45E3-989E-E8589CCD92EF} = {EFA6A5FD-46DC-449F-8573-972C12AB5B3A}
		{8A714140-B2E8-44FC-BE9B-511B505853EA} = {EFA6A5FD-46DC-449F-8573-972C12AB5B3A}
		{F71B04CB-E26E-4ECF-952B-A4C74D8BE7F8} = {EFA6A5FD-46DC-449F-8573-972C12AB5B3A}
		{9831975F-FA35-4B8B-A545-1A06852625BB} = {FC7B8015-F7A9-4377-B2C5-615CAE02EA1E}
	EndGlobalSection
EndGlobal
